<?xml version="1.0" encoding="utf-8"?>
<Project ToolsVersion="4.0" xmlns="http://schemas.microsoft.com/developer/msbuild/2003">
  <ItemGroup>
    <Filter Include="TestData">
      <UniqueIdentifier>{1994360e-b626-430d-bbc0-fefb15a4e6d8}</UniqueIdentifier>
    </Filter>
    <Filter Include="TestEnv_Stub">
      <UniqueIdentifier>{4FC737F1-C7A5-4376-A066-2A32D752A2FF}</UniqueIdentifier>
      <Extensions>cpp;c;cc;cxx;def;odl;idl;hpj;bat;asm;asmx</Extensions>
    </Filter>
    <Filter Include="TestAppl">
      <UniqueIdentifier>{a4e23f73-17ce-4c36-b6e9-a29b73180aac}</UniqueIdentifier>
    </Filter>
    <Filter Include="TestFw">
      <UniqueIdentifier>{944e3a22-088e-44aa-bd37-bc2c5b0f85a0}</UniqueIdentifier>
    </Filter>
    <Filter Include="TestFw\zBte">
      <UniqueIdentifier>{908999af-5c28-42bc-a1f5-ee1c84457a85}</UniqueIdentifier>
    </Filter>
    <Filter Include="FrTrcv_30_Tja1080">
      <UniqueIdentifier>{e36f4f08-96e3-471b-a174-33b185dfefde}</UniqueIdentifier>
    </Filter>
    <Filter Include="TestEnv_Integration">
      <UniqueIdentifier>{03fd64d7-8733-4fe3-b2ff-21501437ae4a}</UniqueIdentifier>
    </Filter>
  </ItemGroup>
  <ItemGroup>
    <ClInclude Include="TestData\ComStack_Cfg.h">
      <Filter>TestData</Filter>
    </ClInclude>
    <ClInclude Include="TestData\FrTrcv_30_Tja1080_Cfg.h">
      <Filter>TestData</Filter>
    </ClInclude>
    <ClInclude Include="TestData\SchM_FrTrcv_30_Tja1080.h">
      <Filter>TestData</Filter>
    </ClInclude>
    <ClInclude Include="TestEnv_Stub\Compiler.h">
      <Filter>TestEnv_Stub</Filter>
    </ClInclude>
    <ClInclude Include="TestEnv_Stub\Compiler_Cfg.h">
      <Filter>TestEnv_Stub</Filter>
    </ClInclude>
    <ClInclude Include="TestEnv_Stub\ComStack_Types.h">
      <Filter>TestEnv_Stub</Filter>
    </ClInclude>
    <ClInclude Include="TestEnv_Stub\Dem.h">
      <Filter>TestEnv_Stub</Filter>
    </ClInclude>
    <ClInclude Include="TestEnv_Stub\Det.h">
      <Filter>TestEnv_Stub</Filter>
    </ClInclude>
    <ClInclude Include="TestEnv_Stub\Dio.h">
      <Filter>TestEnv_Stub</Filter>
    </ClInclude>
    <ClInclude Include="TestEnv_Stub\Dio_Cfg.h">
      <Filter>TestEnv_Stub</Filter>
    </ClInclude>
    <ClInclude Include="TestEnv_Stub\EcuM_Cbk.h">
      <Filter>TestEnv_Stub</Filter>
    </ClInclude>
    <ClInclude Include="TestEnv_Stub\Fr_GeneralTypes.h">
      <Filter>TestEnv_Stub</Filter>
    </ClInclude>
    <ClInclude Include="TestEnv_Stub\MemMap.h">
      <Filter>TestEnv_Stub</Filter>
    </ClInclude>
    <ClInclude Include="TestEnv_Stub\os.h">
      <Filter>TestEnv_Stub</Filter>
    </ClInclude>
    <ClInclude Include="TestEnv_Stub\Platform_Types.h">
      <Filter>TestEnv_Stub</Filter>
    </ClInclude>
    <ClInclude Include="TestEnv_Stub\Std_Types.h">
      <Filter>TestEnv_Stub</Filter>
    </ClInclude>
    <ClInclude Include="TestEnv_Stub\TscDem.h">
      <Filter>TestEnv_Stub</Filter>
    </ClInclude>
    <ClInclude Include="TestEnv_Stub\TscDet.h">
      <Filter>TestEnv_Stub</Filter>
    </ClInclude>
    <ClInclude Include="TestEnv_Stub\TscDio.h">
      <Filter>TestEnv_Stub</Filter>
    </ClInclude>
    <ClInclude Include="TestEnv_Stub\TscEcuM_Cbk.h">
      <Filter>TestEnv_Stub</Filter>
    </ClInclude>
    <ClInclude Include="TestEnv_Stub\TscSchm_FrTrcv_30_Tja1080.h">
      <Filter>TestEnv_Stub</Filter>
    </ClInclude>
    <ClInclude Include="TestEnv_Stub\v_def.h">
      <Filter>TestEnv_Stub</Filter>
    </ClInclude>
    <ClInclude Include="TestAppl\history.h">
      <Filter>TestAppl</Filter>
    </ClInclude>
    <ClInclude Include="TestAppl\TscAppl.h">
      <Filter>TestAppl</Filter>
    </ClInclude>
    <ClInclude Include="TestAppl\TscTest.h">
      <Filter>TestAppl</Filter>
    </ClInclude>
    <ClInclude Include="TestFw\zBte\BteCallContext.h">
      <Filter>TestFw\zBte</Filter>
    </ClInclude>
    <ClInclude Include="TestFw\zBte\BteCfg.h">
      <Filter>TestFw\zBte</Filter>
    </ClInclude>
    <ClInclude Include="TestFw\zBte\BteCheck.h">
      <Filter>TestFw\zBte</Filter>
    </ClInclude>
    <ClInclude Include="TestFw\zBte\BteEvent.h">
      <Filter>TestFw\zBte</Filter>
    </ClInclude>
    <ClInclude Include="TestFw\zBte\BteEventList.h">
      <Filter>TestFw\zBte</Filter>
    </ClInclude>
    <ClInclude Include="TestFw\zBte\BteLog.h">
      <Filter>TestFw\zBte</Filter>
    </ClInclude>
    <ClInclude Include="TestFw\zBte\BteReport.h">
      <Filter>TestFw\zBte</Filter>
    </ClInclude>
    <ClInclude Include="TestFw\zBte\BteTestHandler.h">
      <Filter>TestFw\zBte</Filter>
    </ClInclude>
    <ClInclude Include="TestFw\zBte\BteTiming.h">
      <Filter>TestFw\zBte</Filter>
    </ClInclude>
    <ClInclude Include="FrTrcv_30_Tja1080\FrTrcv_30_Tja1080.h">
      <Filter>FrTrcv_30_Tja1080</Filter>
    </ClInclude>
    <ClInclude Include="FrTrcv_30_Tja1080\FrTrcv_30_Tja1080_Cbk.h">
      <Filter>FrTrcv_30_Tja1080</Filter>
    </ClInclude>
    <ClInclude Include="FrTrcv_30_Tja1080\FrTrcv_30_Tja1080_Phy.h">
      <Filter>FrTrcv_30_Tja1080</Filter>
    </ClInclude>
  </ItemGroup>
  <ItemGroup>
    <ClCompile Include="TestData\FrTrcv_30_Tja1080_Cfg.c">
      <Filter>TestData</Filter>
    </ClCompile>
    <ClCompile Include="TestEnv_Stub\TscDem.c">
      <Filter>TestEnv_Stub</Filter>
    </ClCompile>
    <ClCompile Include="TestEnv_Stub\TscDet.c">
      <Filter>TestEnv_Stub</Filter>
    </ClCompile>
    <ClCompile Include="TestEnv_Stub\TscDio.c">
      <Filter>TestEnv_Stub</Filter>
    </ClCompile>
    <ClCompile Include="TestEnv_Stub\TscEcuM_Cbk.c">
      <Filter>TestEnv_Stub</Filter>
    </ClCompile>
    <ClCompile Include="TestEnv_Stub\TscSchm_FrTrcv_30_Tja1080.c">
      <Filter>TestEnv_Stub</Filter>
    </ClCompile>
    <ClCompile Include="TestAppl\TscAppl.c">
      <Filter>TestAppl</Filter>
    </ClCompile>
    <ClCompile Include="TestAppl\TscTest.c">
      <Filter>TestAppl</Filter>
    </ClCompile>
    <ClCompile Include="TestFw\zBte\BteCallContext.c">
      <Filter>TestFw\zBte</Filter>
    </ClCompile>
    <ClCompile Include="TestFw\zBte\BteCheck.c">
      <Filter>TestFw\zBte</Filter>
    </ClCompile>
    <ClCompile Include="TestFw\zBte\BteEvent.c">
      <Filter>TestFw\zBte</Filter>
    </ClCompile>
    <ClCompile Include="TestFw\zBte\BteEventList.c">
      <Filter>TestFw\zBte</Filter>
    </ClCompile>
    <ClCompile Include="TestFw\zBte\BteLog.c">
      <Filter>TestFw\zBte</Filter>
    </ClCompile>
    <ClCompile Include="TestFw\zBte\BteReport.c">
      <Filter>TestFw\zBte</Filter>
    </ClCompile>
    <ClCompile Include="TestFw\zBte\BteTestHandler.c">
      <Filter>TestFw\zBte</Filter>
    </ClCompile>
    <ClCompile Include="TestFw\zBte\BteTiming.c">
      <Filter>TestFw\zBte</Filter>
    </ClCompile>
    <ClCompile Include="FrTrcv_30_Tja1080\FrTrcv_30_Tja1080.c">
      <Filter>FrTrcv_30_Tja1080</Filter>
    </ClCompile>
    <ClCompile Include="FrTrcv_30_Tja1080\FrTrcv_30_Tja1080_Phy.c">
      <Filter>FrTrcv_30_Tja1080</Filter>
    </ClCompile>
    <ClCompile Include="..\..\ArduinoSerialVS\Source Files\ArdTest.c">
      <Filter>TestEnv_Stub</Filter>
    </ClCompile>
    <ClCompile Include="..\..\ArduinoSerialVS\Source Files\ArduinoCom.c">
      <Filter>TestEnv_Stub</Filter>
    </ClCompile>
    <ClCompile Include="..\..\ArduinoSerialVS\Source Files\SCI_Driver.c">
      <Filter>TestEnv_Stub</Filter>
    </ClCompile>
  </ItemGroup>
  <ItemGroup>
    <None Include="FrTrcv_30_Tja1080\FrTrcv_30_Tja1080_Compiler_Cfg.inc">
      <Filter>FrTrcv_30_Tja1080</Filter>
    </None>
    <None Include="FrTrcv_30_Tja1080\FrTrcv_30_Tja1080_MemMap.inc">
      <Filter>FrTrcv_30_Tja1080</Filter>
    </None>
  </ItemGroup>
</Project>